// !$*UTF8*$!
{
	archiveVersion = 1;
	classes = {
	};
	objectVersion = 77;
	objects = {

/* Begin PBXBuildFile section */
		3864326D2D1D7660002E3989 /* GeminiModel.swift in Sources */ = {isa = PBXBuildFile; fileRef = 3864326C2D1D7628002E3989 /* GeminiModel.swift */; };
		3864326F2D1D76A9002E3989 /* Property List.plist in Resources */ = {isa = PBXBuildFile; fileRef = 3864326E2D1D76A9002E3989 /* Property List.plist */; };
		386432782D1D78D3002E3989 /* APIKey in Resources */ = {isa = PBXBuildFile; fileRef = 386432772D1D78D3002E3989 /* APIKey */; };
		3864327B2D1D798B002E3989 /* GoogleGenerativeAI in Frameworks */ = {isa = PBXBuildFile; productRef = 3864327A2D1D798B002E3989 /* GoogleGenerativeAI */; };
/* End PBXBuildFile section */

/* Begin PBXContainerItemProxy section */
		38C802E02D10D5C000654AED /* PBXContainerItemProxy */ = {
			isa = PBXContainerItemProxy;
			containerPortal = 38C802C72D10D5BE00654AED /* Project object */;
			proxyType = 1;
			remoteGlobalIDString = 38C802CE2D10D5BE00654AED;
			remoteInfo = muqlla;
		};
		38C802EA2D10D5C000654AED /* PBXContainerItemProxy */ = {
			isa = PBXContainerItemProxy;
			containerPortal = 38C802C72D10D5BE00654AED /* Project object */;
			proxyType = 1;
			remoteGlobalIDString = 38C802CE2D10D5BE00654AED;
			remoteInfo = muqlla;
		};
/* End PBXContainerItemProxy section */

/* Begin PBXFileReference section */
		3864326C2D1D7628002E3989 /* GeminiModel.swift */ = {isa = PBXFileReference; lastKnownFileType = sourcecode.swift; path = GeminiModel.swift; sourceTree = "<group>"; };
		3864326E2D1D76A9002E3989 /* Property List.plist */ = {isa = PBXFileReference; lastKnownFileType = text.plist.xml; path = "Property List.plist"; sourceTree = "<group>"; };
		386432772D1D78D3002E3989 /* APIKey */ = {isa = PBXFileReference; lastKnownFileType = text; path = APIKey; sourceTree = "<group>"; };
		38C802CF2D10D5BE00654AED /* muqlla.app */ = {isa = PBXFileReference; explicitFileType = wrapper.application; includeInIndex = 0; path = muqlla.app; sourceTree = BUILT_PRODUCTS_DIR; };
		38C802DF2D10D5C000654AED /* muqllaTests.xctest */ = {isa = PBXFileReference; explicitFileType = wrapper.cfbundle; includeInIndex = 0; path = muqllaTests.xctest; sourceTree = BUILT_PRODUCTS_DIR; };
		38C802E92D10D5C000654AED /* muqllaUITests.xctest */ = {isa = PBXFileReference; explicitFileType = wrapper.cfbundle; includeInIndex = 0; path = muqllaUITests.xctest; sourceTree = BUILT_PRODUCTS_DIR; };
/* End PBXFileReference section */

/* Begin PBXFileSystemSynchronizedRootGroup section */
		38C802D12D10D5BE00654AED /* muqlla */ = {
			isa = PBXFileSystemSynchronizedRootGroup;
			path = muqlla;
			sourceTree = "<group>";
		};
		38C802E22D10D5C000654AED /* muqllaTests */ = {
			isa = PBXFileSystemSynchronizedRootGroup;
			path = muqllaTests;
			sourceTree = "<group>";
		};
		38C802EC2D10D5C000654AED /* muqllaUITests */ = {
			isa = PBXFileSystemSynchronizedRootGroup;
			path = muqllaUITests;
			sourceTree = "<group>";
		};
/* End PBXFileSystemSynchronizedRootGroup section */

/* Begin PBXFrameworksBuildPhase section */
		38C802CC2D10D5BE00654AED /* Frameworks */ = {
			isa = PBXFrameworksBuildPhase;
			buildActionMask = 2147483647;
			files = (
				3864327B2D1D798B002E3989 /* GoogleGenerativeAI in Frameworks */,
			);
			runOnlyForDeploymentPostprocessing = 0;
		};
		38C802DC2D10D5C000654AED /* Frameworks */ = {
			isa = PBXFrameworksBuildPhase;
			buildActionMask = 2147483647;
			files = (
			);
			runOnlyForDeploymentPostprocessing = 0;
		};
		38C802E62D10D5C000654AED /* Frameworks */ = {
			isa = PBXFrameworksBuildPhase;
			buildActionMask = 2147483647;
			files = (
			);
			runOnlyForDeploymentPostprocessing = 0;
		};
/* End PBXFrameworksBuildPhase section */

/* Begin PBXGroup section */
		38C802C62D10D5BE00654AED = {
			isa = PBXGroup;
			children = (
				3864326C2D1D7628002E3989 /* GeminiModel.swift */,
				386432772D1D78D3002E3989 /* APIKey */,
				3864326E2D1D76A9002E3989 /* Property List.plist */,
				38C802D12D10D5BE00654AED /* muqlla */,
				38C802E22D10D5C000654AED /* muqllaTests */,
				38C802EC2D10D5C000654AED /* muqllaUITests */,
				38C802D02D10D5BE00654AED /* Products */,
			);
			sourceTree = "<group>";
		};
		38C802D02D10D5BE00654AED /* Products */ = {
			isa = PBXGroup;
			children = (
				38C802CF2D10D5BE00654AED /* muqlla.app */,
				38C802DF2D10D5C000654AED /* muqllaTests.xctest */,
				38C802E92D10D5C000654AED /* muqllaUITests.xctest */,
			);
			name = Products;
			sourceTree = "<group>";
		};
/* End PBXGroup section */

/* Begin PBXNativeTarget section */
		38C802CE2D10D5BE00654AED /* muqlla */ = {
			isa = PBXNativeTarget;
			buildConfigurationList = 38C802F32D10D5C000654AED /* Build configuration list for PBXNativeTarget "muqlla" */;
			buildPhases = (
				38C802CB2D10D5BE00654AED /* Sources */,
				38C802CC2D10D5BE00654AED /* Frameworks */,
				38C802CD2D10D5BE00654AED /* Resources */,
			);
			buildRules = (
			);
			dependencies = (
			);
			fileSystemSynchronizedGroups = (
				38C802D12D10D5BE00654AED /* muqlla */,
			);
			name = muqlla;
			packageProductDependencies = (
				3864327A2D1D798B002E3989 /* GoogleGenerativeAI */,
			);
			productName = muqlla;
			productReference = 38C802CF2D10D5BE00654AED /* muqlla.app */;
			productType = "com.apple.product-type.application";
		};
		38C802DE2D10D5C000654AED /* muqllaTests */ = {
			isa = PBXNativeTarget;
			buildConfigurationList = 38C802F62D10D5C000654AED /* Build configuration list for PBXNativeTarget "muqllaTests" */;
			buildPhases = (
				38C802DB2D10D5C000654AED /* Sources */,
				38C802DC2D10D5C000654AED /* Frameworks */,
				38C802DD2D10D5C000654AED /* Resources */,
			);
			buildRules = (
			);
			dependencies = (
				38C802E12D10D5C000654AED /* PBXTargetDependency */,
			);
			fileSystemSynchronizedGroups = (
				38C802E22D10D5C000654AED /* muqllaTests */,
			);
			name = muqllaTests;
			packageProductDependencies = (
			);
			productName = muqllaTests;
			productReference = 38C802DF2D10D5C000654AED /* muqllaTests.xctest */;
			productType = "com.apple.product-type.bundle.unit-test";
		};
		38C802E82D10D5C000654AED /* muqllaUITests */ = {
			isa = PBXNativeTarget;
			buildConfigurationList = 38C802F92D10D5C000654AED /* Build configuration list for PBXNativeTarget "muqllaUITests" */;
			buildPhases = (
				38C802E52D10D5C000654AED /* Sources */,
				38C802E62D10D5C000654AED /* Frameworks */,
				38C802E72D10D5C000654AED /* Resources */,
			);
			buildRules = (
			);
			dependencies = (
				38C802EB2D10D5C000654AED /* PBXTargetDependency */,
			);
			fileSystemSynchronizedGroups = (
				38C802EC2D10D5C000654AED /* muqllaUITests */,
			);
			name = muqllaUITests;
			packageProductDependencies = (
			);
			productName = muqllaUITests;
			productReference = 38C802E92D10D5C000654AED /* muqllaUITests.xctest */;
			productType = "com.apple.product-type.bundle.ui-testing";
		};
/* End PBXNativeTarget section */

/* Begin PBXProject section */
		38C802C72D10D5BE00654AED /* Project object */ = {
			isa = PBXProject;
			attributes = {
				BuildIndependentTargetsInParallel = 1;
				LastSwiftUpdateCheck = 1620;
				LastUpgradeCheck = 1620;
				TargetAttributes = {
					38C802CE2D10D5BE00654AED = {
						CreatedOnToolsVersion = 16.2;
					};
					38C802DE2D10D5C000654AED = {
						CreatedOnToolsVersion = 16.2;
						TestTargetID = 38C802CE2D10D5BE00654AED;
					};
					38C802E82D10D5C000654AED = {
						CreatedOnToolsVersion = 16.2;
						TestTargetID = 38C802CE2D10D5BE00654AED;
					};
				};
			};
			buildConfigurationList = 38C802CA2D10D5BE00654AED /* Build configuration list for PBXProject "muqlla" */;
			developmentRegion = en;
			hasScannedForEncodings = 0;
			knownRegions = (
				en,
				Base,
				ar,
			);
			mainGroup = 38C802C62D10D5BE00654AED;
			minimizedProjectReferenceProxies = 1;
			packageReferences = (
				386432792D1D7948002E3989 /* XCRemoteSwiftPackageReference "generative-ai-swift" */,
			);
			preferredProjectObjectVersion = 77;
			productRefGroup = 38C802D02D10D5BE00654AED /* Products */;
			projectDirPath = "";
			projectRoot = "";
			targets = (
				38C802CE2D10D5BE00654AED /* muqlla */,
				38C802DE2D10D5C000654AED /* muqllaTests */,
				38C802E82D10D5C000654AED /* muqllaUITests */,
			);
		};
/* End PBXProject section */

/* Begin PBXResourcesBuildPhase section */
		38C802CD2D10D5BE00654AED /* Resources */ = {
			isa = PBXResourcesBuildPhase;
			buildActionMask = 2147483647;
			files = (
				386432782D1D78D3002E3989 /* APIKey in Resources */,
				3864326F2D1D76A9002E3989 /* Property List.plist in Resources */,
			);
			runOnlyForDeploymentPostprocessing = 0;
		};
		38C802DD2D10D5C000654AED /* Resources */ = {
			isa = PBXResourcesBuildPhase;
			buildActionMask = 2147483647;
			files = (
			);
			runOnlyForDeploymentPostprocessing = 0;
		};
		38C802E72D10D5C000654AED /* Resources */ = {
			isa = PBXResourcesBuildPhase;
			buildActionMask = 2147483647;
			files = (
			);
			runOnlyForDeploymentPostprocessing = 0;
		};
/* End PBXResourcesBuildPhase section */

/* Begin PBXSourcesBuildPhase section */
		38C802CB2D10D5BE00654AED /* Sources */ = {
			isa = PBXSourcesBuildPhase;
			buildActionMask = 2147483647;
			files = (
				3864326D2D1D7660002E3989 /* GeminiModel.swift in Sources */,
			);
			runOnlyForDeploymentPostprocessing = 0;
		};
		38C802DB2D10D5C000654AED /* Sources */ = {
			isa = PBXSourcesBuildPhase;
			buildActionMask = 2147483647;
			files = (
			);
			runOnlyForDeploymentPostprocessing = 0;
		};
		38C802E52D10D5C000654AED /* Sources */ = {
			isa = PBXSourcesBuildPhase;
			buildActionMask = 2147483647;
			files = (
			);
			runOnlyForDeploymentPostprocessing = 0;
		};
/* End PBXSourcesBuildPhase section */

/* Begin PBXTargetDependency section */
		38C802E12D10D5C000654AED /* PBXTargetDependency */ = {
			isa = PBXTargetDependency;
			target = 38C802CE2D10D5BE00654AED /* muqlla */;
			targetProxy = 38C802E02D10D5C000654AED /* PBXContainerItemProxy */;
		};
		38C802EB2D10D5C000654AED /* PBXTargetDependency */ = {
			isa = PBXTargetDependency;
			target = 38C802CE2D10D5BE00654AED /* muqlla */;
			targetProxy = 38C802EA2D10D5C000654AED /* PBXContainerItemProxy */;
		};
/* End PBXTargetDependency section */

/* Begin XCBuildConfiguration section */
		38C802F12D10D5C000654AED /* Debug */ = {
			isa = XCBuildConfiguration;
			buildSettings = {
				ALWAYS_SEARCH_USER_PATHS = NO;
				ASSETCATALOG_COMPILER_GENERATE_SWIFT_ASSET_SYMBOL_EXTENSIONS = YES;
				CLANG_ANALYZER_NONNULL = YES;
				CLANG_ANALYZER_NUMBER_OBJECT_CONVERSION = YES_AGGRESSIVE;
				CLANG_CXX_LANGUAGE_STANDARD = "gnu++20";
				CLANG_ENABLE_MODULES = YES;
				CLANG_ENABLE_OBJC_ARC = YES;
				CLANG_ENABLE_OBJC_WEAK = YES;
				CLANG_WARN_BLOCK_CAPTURE_AUTORELEASING = YES;
				CLANG_WARN_BOOL_CONVERSION = YES;
				CLANG_WARN_COMMA = YES;
				CLANG_WARN_CONSTANT_CONVERSION = YES;
				CLANG_WARN_DEPRECATED_OBJC_IMPLEMENTATIONS = YES;
				CLANG_WARN_DIRECT_OBJC_ISA_USAGE = YES_ERROR;
				CLANG_WARN_DOCUMENTATION_COMMENTS = YES;
				CLANG_WARN_EMPTY_BODY = YES;
				CLANG_WARN_ENUM_CONVERSION = YES;
				CLANG_WARN_INFINITE_RECURSION = YES;
				CLANG_WARN_INT_CONVERSION = YES;
				CLANG_WARN_NON_LITERAL_NULL_CONVERSION = YES;
				CLANG_WARN_OBJC_IMPLICIT_RETAIN_SELF = YES;
				CLANG_WARN_OBJC_LITERAL_CONVERSION = YES;
				CLANG_WARN_OBJC_ROOT_CLASS = YES_ERROR;
				CLANG_WARN_QUOTED_INCLUDE_IN_FRAMEWORK_HEADER = YES;
				CLANG_WARN_RANGE_LOOP_ANALYSIS = YES;
				CLANG_WARN_STRICT_PROTOTYPES = YES;
				CLANG_WARN_SUSPICIOUS_MOVE = YES;
				CLANG_WARN_UNGUARDED_AVAILABILITY = YES_AGGRESSIVE;
				CLANG_WARN_UNREACHABLE_CODE = YES;
				CLANG_WARN__DUPLICATE_METHOD_MATCH = YES;
				COPY_PHASE_STRIP = NO;
				DEBUG_INFORMATION_FORMAT = dwarf;
				ENABLE_STRICT_OBJC_MSGSEND = YES;
				ENABLE_TESTABILITY = YES;
				ENABLE_USER_SCRIPT_SANDBOXING = YES;
				GCC_C_LANGUAGE_STANDARD = gnu17;
				GCC_DYNAMIC_NO_PIC = NO;
				GCC_NO_COMMON_BLOCKS = YES;
				GCC_OPTIMIZATION_LEVEL = 0;
				GCC_PREPROCESSOR_DEFINITIONS = (
					"DEBUG=1",
					"$(inherited)",
				);
				GCC_WARN_64_TO_32_BIT_CONVERSION = YES;
				GCC_WARN_ABOUT_RETURN_TYPE = YES_ERROR;
				GCC_WARN_UNDECLARED_SELECTOR = YES;
				GCC_WARN_UNINITIALIZED_AUTOS = YES_AGGRESSIVE;
				GCC_WARN_UNUSED_FUNCTION = YES;
				GCC_WARN_UNUSED_VARIABLE = YES;
				IPHONEOS_DEPLOYMENT_TARGET = 18.2;
				LOCALIZATION_PREFERS_STRING_CATALOGS = YES;
				MTL_ENABLE_DEBUG_INFO = INCLUDE_SOURCE;
				MTL_FAST_MATH = YES;
				ONLY_ACTIVE_ARCH = YES;
				SDKROOT = iphoneos;
				SWIFT_ACTIVE_COMPILATION_CONDITIONS = "DEBUG $(inherited)";
				SWIFT_EMIT_LOC_STRINGS = YES;
				SWIFT_OPTIMIZATION_LEVEL = "-Onone";
			};
			name = Debug;
		};
		38C802F22D10D5C000654AED /* Release */ = {
			isa = XCBuildConfiguration;
			buildSettings = {
				ALWAYS_SEARCH_USER_PATHS = NO;
				ASSETCATALOG_COMPILER_GENERATE_SWIFT_ASSET_SYMBOL_EXTENSIONS = YES;
				CLANG_ANALYZER_NONNULL = YES;
				CLANG_ANALYZER_NUMBER_OBJECT_CONVERSION = YES_AGGRESSIVE;
				CLANG_CXX_LANGUAGE_STANDARD = "gnu++20";
				CLANG_ENABLE_MODULES = YES;
				CLANG_ENABLE_OBJC_ARC = YES;
				CLANG_ENABLE_OBJC_WEAK = YES;
				CLANG_WARN_BLOCK_CAPTURE_AUTORELEASING = YES;
				CLANG_WARN_BOOL_CONVERSION = YES;
				CLANG_WARN_COMMA = YES;
				CLANG_WARN_CONSTANT_CONVERSION = YES;
				CLANG_WARN_DEPRECATED_OBJC_IMPLEMENTATIONS = YES;
				CLANG_WARN_DIRECT_OBJC_ISA_USAGE = YES_ERROR;
				CLANG_WARN_DOCUMENTATION_COMMENTS = YES;
				CLANG_WARN_EMPTY_BODY = YES;
				CLANG_WARN_ENUM_CONVERSION = YES;
				CLANG_WARN_INFINITE_RECURSION = YES;
				CLANG_WARN_INT_CONVERSION = YES;
				CLANG_WARN_NON_LITERAL_NULL_CONVERSION = YES;
				CLANG_WARN_OBJC_IMPLICIT_RETAIN_SELF = YES;
				CLANG_WARN_OBJC_LITERAL_CONVERSION = YES;
				CLANG_WARN_OBJC_ROOT_CLASS = YES_ERROR;
				CLANG_WARN_QUOTED_INCLUDE_IN_FRAMEWORK_HEADER = YES;
				CLANG_WARN_RANGE_LOOP_ANALYSIS = YES;
				CLANG_WARN_STRICT_PROTOTYPES = YES;
				CLANG_WARN_SUSPICIOUS_MOVE = YES;
				CLANG_WARN_UNGUARDED_AVAILABILITY = YES_AGGRESSIVE;
				CLANG_WARN_UNREACHABLE_CODE = YES;
				CLANG_WARN__DUPLICATE_METHOD_MATCH = YES;
				COPY_PHASE_STRIP = NO;
				DEBUG_INFORMATION_FORMAT = "dwarf-with-dsym";
				ENABLE_NS_ASSERTIONS = NO;
				ENABLE_STRICT_OBJC_MSGSEND = YES;
				ENABLE_USER_SCRIPT_SANDBOXING = YES;
				GCC_C_LANGUAGE_STANDARD = gnu17;
				GCC_NO_COMMON_BLOCKS = YES;
				GCC_WARN_64_TO_32_BIT_CONVERSION = YES;
				GCC_WARN_ABOUT_RETURN_TYPE = YES_ERROR;
				GCC_WARN_UNDECLARED_SELECTOR = YES;
				GCC_WARN_UNINITIALIZED_AUTOS = YES_AGGRESSIVE;
				GCC_WARN_UNUSED_FUNCTION = YES;
				GCC_WARN_UNUSED_VARIABLE = YES;
				IPHONEOS_DEPLOYMENT_TARGET = 18.2;
				LOCALIZATION_PREFERS_STRING_CATALOGS = YES;
				MTL_ENABLE_DEBUG_INFO = NO;
				MTL_FAST_MATH = YES;
				SDKROOT = iphoneos;
				SWIFT_COMPILATION_MODE = wholemodule;
				SWIFT_EMIT_LOC_STRINGS = YES;
				VALIDATE_PRODUCT = YES;
			};
			name = Release;
		};
		38C802F42D10D5C000654AED /* Debug */ = {
			isa = XCBuildConfiguration;
			buildSettings = {
				ASSETCATALOG_COMPILER_APPICON_NAME = AppIcon;
				ASSETCATALOG_COMPILER_GLOBAL_ACCENT_COLOR_NAME = AccentColor;
				CODE_SIGN_ENTITLEMENTS = muqlla/muqlla.entitlements;
				CODE_SIGN_STYLE = Automatic;
				CURRENT_PROJECT_VERSION = 1;
				DEVELOPMENT_ASSET_PATHS = "\"muqlla/Preview Content\"";
				DEVELOPMENT_TEAM = 47GFFH2USY;
				ENABLE_PREVIEWS = YES;
				GENERATE_INFOPLIST_FILE = YES;
				INFOPLIST_KEY_LSApplicationCategoryType = "public.app-category.books";
				INFOPLIST_KEY_NSMicrophoneUsageDescription = "We need microphone access to record audio for your books";
				INFOPLIST_KEY_UIApplicationSceneManifest_Generation = YES;
				INFOPLIST_KEY_UIApplicationSupportsIndirectInputEvents = YES;
				INFOPLIST_KEY_UILaunchScreen_Generation = YES;
				INFOPLIST_KEY_UIStatusBarStyle = UIStatusBarStyleDarkContent;
				INFOPLIST_KEY_UISupportedInterfaceOrientations_iPad = "UIInterfaceOrientationPortrait UIInterfaceOrientationPortraitUpsideDown UIInterfaceOrientationLandscapeLeft UIInterfaceOrientationLandscapeRight";
				INFOPLIST_KEY_UISupportedInterfaceOrientations_iPhone = "UIInterfaceOrientationPortrait UIInterfaceOrientationLandscapeLeft UIInterfaceOrientationLandscapeRight";
				LD_RUNPATH_SEARCH_PATHS = (
					"$(inherited)",
					"@executable_path/Frameworks",
				);
				MARKETING_VERSION = 1.0;
				PRODUCT_BUNDLE_IDENTIFIER = com.a.muqlla;
				PRODUCT_NAME = "$(TARGET_NAME)";
				SWIFT_EMIT_LOC_STRINGS = YES;
				SWIFT_VERSION = 5.0;
				TARGETED_DEVICE_FAMILY = "1,2";
			};
			name = Debug;
		};
		38C802F52D10D5C000654AED /* Release */ = {
			isa = XCBuildConfiguration;
			buildSettings = {
				ASSETCATALOG_COMPILER_APPICON_NAME = AppIcon;
				ASSETCATALOG_COMPILER_GLOBAL_ACCENT_COLOR_NAME = AccentColor;
				CODE_SIGN_ENTITLEMENTS = muqlla/muqlla.entitlements;
				CODE_SIGN_STYLE = Automatic;
				CURRENT_PROJECT_VERSION = 1;
				DEVELOPMENT_ASSET_PATHS = "\"muqlla/Preview Content\"";
				DEVELOPMENT_TEAM = 47GFFH2USY;
				ENABLE_PREVIEWS = YES;
				GENERATE_INFOPLIST_FILE = YES;
				INFOPLIST_KEY_LSApplicationCategoryType = "public.app-category.books";
				INFOPLIST_KEY_NSMicrophoneUsageDescription = "We need microphone access to record audio for your books";
				INFOPLIST_KEY_UIApplicationSceneManifest_Generation = YES;
				INFOPLIST_KEY_UIApplicationSupportsIndirectInputEvents = YES;
				INFOPLIST_KEY_UILaunchScreen_Generation = YES;
				INFOPLIST_KEY_UIStatusBarStyle = UIStatusBarStyleDarkContent;
				INFOPLIST_KEY_UISupportedInterfaceOrientations_iPad = "UIInterfaceOrientationPortrait UIInterfaceOrientationPortraitUpsideDown UIInterfaceOrientationLandscapeLeft UIInterfaceOrientationLandscapeRight";
				INFOPLIST_KEY_UISupportedInterfaceOrientations_iPhone = "UIInterfaceOrientationPortrait UIInterfaceOrientationLandscapeLeft UIInterfaceOrientationLandscapeRight";
				LD_RUNPATH_SEARCH_PATHS = (
					"$(inherited)",
					"@executable_path/Frameworks",
				);
				MARKETING_VERSION = 1.0;
				PRODUCT_BUNDLE_IDENTIFIER = com.a.muqlla;
				PRODUCT_NAME = "$(TARGET_NAME)";
				SWIFT_EMIT_LOC_STRINGS = YES;
				SWIFT_VERSION = 5.0;
				TARGETED_DEVICE_FAMILY = "1,2";
			};
			name = Release;
		};
		38C802F72D10D5C000654AED /* Debug */ = {
			isa = XCBuildConfiguration;
			buildSettings = {
				BUNDLE_LOADER = "$(TEST_HOST)";
				CODE_SIGN_STYLE = Automatic;
				CURRENT_PROJECT_VERSION = 1;
				DEVELOPMENT_TEAM = 47GFFH2USY;
				GENERATE_INFOPLIST_FILE = YES;
				IPHONEOS_DEPLOYMENT_TARGET = 18.2;
				MARKETING_VERSION = 1.0;
				PRODUCT_BUNDLE_IDENTIFIER = a.muqllaTests;
				PRODUCT_NAME = "$(TARGET_NAME)";
				SWIFT_EMIT_LOC_STRINGS = NO;
				SWIFT_VERSION = 5.0;
				TARGETED_DEVICE_FAMILY = "1,2";
				TEST_HOST = "$(BUILT_PRODUCTS_DIR)/muqlla.app/$(BUNDLE_EXECUTABLE_FOLDER_PATH)/muqlla";
			};
			name = Debug;
		};
		38C802F82D10D5C000654AED /* Release */ = {
			isa = XCBuildConfiguration;
			buildSettings = {
				BUNDLE_LOADER = "$(TEST_HOST)";
				CODE_SIGN_STYLE = Automatic;
				CURRENT_PROJECT_VERSION = 1;
				DEVELOPMENT_TEAM = 47GFFH2USY;
				GENERATE_INFOPLIST_FILE = YES;
				IPHONEOS_DEPLOYMENT_TARGET = 18.2;
				MARKETING_VERSION = 1.0;
				PRODUCT_BUNDLE_IDENTIFIER = a.muqllaTests;
				PRODUCT_NAME = "$(TARGET_NAME)";
				SWIFT_EMIT_LOC_STRINGS = NO;
				SWIFT_VERSION = 5.0;
				TARGETED_DEVICE_FAMILY = "1,2";
				TEST_HOST = "$(BUILT_PRODUCTS_DIR)/muqlla.app/$(BUNDLE_EXECUTABLE_FOLDER_PATH)/muqlla";
			};
			name = Release;
		};
		38C802FA2D10D5C000654AED /* Debug */ = {
			isa = XCBuildConfiguration;
			buildSettings = {
				CODE_SIGN_STYLE = Automatic;
				CURRENT_PROJECT_VERSION = 1;
				DEVELOPMENT_TEAM = 47GFFH2USY;
				GENERATE_INFOPLIST_FILE = YES;
				MARKETING_VERSION = 1.0;
				PRODUCT_BUNDLE_IDENTIFIER = a.muqllaUITests;
				PRODUCT_NAME = "$(TARGET_NAME)";
				SWIFT_EMIT_LOC_STRINGS = NO;
				SWIFT_VERSION = 5.0;
				TARGETED_DEVICE_FAMILY = "1,2";
				TEST_TARGET_NAME = muqlla;
			};
			name = Debug;
		};
		38C802FB2D10D5C000654AED /* Release */ = {
			isa = XCBuildConfiguration;
			buildSettings = {
				CODE_SIGN_STYLE = Automatic;
				CURRENT_PROJECT_VERSION = 1;
				DEVELOPMENT_TEAM = 47GFFH2USY;
				GENERATE_INFOPLIST_FILE = YES;
				MARKETING_VERSION = 1.0;
				PRODUCT_BUNDLE_IDENTIFIER = a.muqllaUITests;
				PRODUCT_NAME = "$(TARGET_NAME)";
				SWIFT_EMIT_LOC_STRINGS = NO;
				SWIFT_VERSION = 5.0;
				TARGETED_DEVICE_FAMILY = "1,2";
				TEST_TARGET_NAME = muqlla;
			};
			name = Release;
		};
/* End XCBuildConfiguration section */

/* Begin XCConfigurationList section */
		38C802CA2D10D5BE00654AED /* Build configuration list for PBXProject "muqlla" */ = {
			isa = XCConfigurationList;
			buildConfigurations = (
				38C802F12D10D5C000654AED /* Debug */,
				38C802F22D10D5C000654AED /* Release */,
			);
			defaultConfigurationIsVisible = 0;
			defaultConfigurationName = Release;
		};
		38C802F32D10D5C000654AED /* Build configuration list for PBXNativeTarget "muqlla" */ = {
			isa = XCConfigurationList;
			buildConfigurations = (
				38C802F42D10D5C000654AED /* Debug */,
				38C802F52D10D5C000654AED /* Release */,
			);
			defaultConfigurationIsVisible = 0;
			defaultConfigurationName = Release;
		};
		38C802F62D10D5C000654AED /* Build configuration list for PBXNativeTarget "muqllaTests" */ = {
			isa = XCConfigurationList;
			buildConfigurations = (
				38C802F72D10D5C000654AED /* Debug */,
				38C802F82D10D5C000654AED /* Release */,
			);
			defaultConfigurationIsVisible = 0;
			defaultConfigurationName = Release;
		};
		38C802F92D10D5C000654AED /* Build configuration list for PBXNativeTarget "muqllaUITests" */ = {
			isa = XCConfigurationList;
			buildConfigurations = (
				38C802FA2D10D5C000654AED /* Debug */,
				38C802FB2D10D5C000654AED /* Release */,
			);
			defaultConfigurationIsVisible = 0;
			defaultConfigurationName = Release;
		};
/* End XCConfigurationList section */

/* Begin XCRemoteSwiftPackageReference section */
		386432792D1D7948002E3989 /* XCRemoteSwiftPackageReference "generative-ai-swift" */ = {
			isa = XCRemoteSwiftPackageReference;
			repositoryURL = "https://github.com/google/generative-ai-swift";
			requirement = {
				kind = upToNextMajorVersion;
				minimumVersion = 0.5.6;
			};
		};
/* End XCRemoteSwiftPackageReference section */

/* Begin XCSwiftPackageProductDependency section */
		3864327A2D1D798B002E3989 /* GoogleGenerativeAI */ = {
			isa = XCSwiftPackageProductDependency;
			package = 386432792D1D7948002E3989 /* XCRemoteSwiftPackageReference "generative-ai-swift" */;
			productName = GoogleGenerativeAI;
		};
/* End XCSwiftPackageProductDependency section */
	};
	rootObject = 38C802C72D10D5BE00654AED /* Project object */;
}
